
Microsoft Visual Studio Solution File, Format Version 12.00
# Visual Studio Express 2012 for Windows Desktop
Project("{FAE04EC0-301F-11D3-BF4B-00C04F79EFBC}") = "Ejercicio_2", "Ejercicio_2\Ejercicio_2.csproj", "{75F1BC05-3B34-4D5A-9F1F-F2C2370D8D85}"
EndProject
Global
	GlobalSection(SolutionConfigurationPlatforms) = preSolution
		Debug|Any CPU = Debug|Any CPU
		Release|Any CPU = Release|Any CPU
	EndGlobalSection
	GlobalSection(ProjectConfigurationPlatforms) = postSolution
		{75F1BC05-3B34-4D5A-9F1F-F2C2370D8D85}.Debug|Any CPU.ActiveCfg = Debug|Any CPU
		{75F1BC05-3B34-4D5A-9F1F-F2C2370D8D85}.Debug|Any CPU.Build.0 = Debug|Any CPU
		{75F1BC05-3B34-4D5A-9F1F-F2C2370D8D85}.Release|Any CPU.ActiveCfg = Release|Any CPU
		{75F1BC05-3B34-4D5A-9F1F-F2C2370D8D85}.Release|Any CPU.Build.0 = Release|Any CPU
	EndGlobalSection
	GlobalSection(SolutionProperties) = preSolution
		HideSolutionNode = FALSE
	EndGlobalSection
EndGlobal
